
Microsoft Visual Studio Solution File, Format Version 12.00
# Visual Studio 15
VisualStudioVersion = 15.0.26403.3
MinimumVisualStudioVersion = 10.0.40219.1
Project("{FAE04EC0-301F-11D3-BF4B-00C04F79EFBC}") = "SQLServer2CSPro", "SQLServer2CSPro\SQLServer2CSPro.csproj", "{2E235E24-FEC9-4238-BFA7-B7747912E1A3}"
EndProject
Project("{FAE04EC0-301F-11D3-BF4B-00C04F79EFBC}") = "SQLServer2Dictionary", "SQLServer2Dictionary\SQLServer2Dictionary.csproj", "{31D40152-0079-42DD-9AFF-89BA419D5665}"
EndProject
Global
	GlobalSection(SolutionConfigurationPlatforms) = preSolution
		Debug|Any CPU = Debug|Any CPU
		Release|Any CPU = Release|Any CPU
	EndGlobalSection
	GlobalSection(ProjectConfigurationPlatforms) = postSolution
		{2E235E24-FEC9-4238-BFA7-B7747912E1A3}.Debug|Any CPU.ActiveCfg = Debug|Any CPU
		{2E235E24-FEC9-4238-BFA7-B7747912E1A3}.Debug|Any CPU.Build.0 = Debug|Any CPU
		{2E235E24-FEC9-4238-BFA7-B7747912E1A3}.Release|Any CPU.ActiveCfg = Release|Any CPU
		{2E235E24-FEC9-4238-BFA7-B7747912E1A3}.Release|Any CPU.Build.0 = Release|Any CPU
		{31D40152-0079-42DD-9AFF-89BA419D5665}.Debug|Any CPU.ActiveCfg = Debug|Any CPU
		{31D40152-0079-42DD-9AFF-89BA419D5665}.Debug|Any CPU.Build.0 = Debug|Any CPU
		{31D40152-0079-42DD-9AFF-89BA419D5665}.Release|Any CPU.ActiveCfg = Release|Any CPU
		{31D40152-0079-42DD-9AFF-89BA419D5665}.Release|Any CPU.Build.0 = Release|Any CPU
	EndGlobalSection
	GlobalSection(SolutionProperties) = preSolution
		HideSolutionNode = FALSE
	EndGlobalSection
EndGlobal
